
Microsoft Visual Studio Solution File, Format Version 12.00
# Visual Studio Version 17
VisualStudioVersion = 17.3.32929.385
MinimumVisualStudioVersion = 10.0.40219.1
Project("{FAE04EC0-301F-11D3-BF4B-00C04F79EFBC}") = "1-OlaMundo", "1-OlaMundo.csproj", "{A32A5BFA-EB04-4853-B90D-233AE643959E}"
EndProject
Global
	GlobalSection(SolutionConfigurationPlatforms) = preSolution
		Debug|Any CPU = Debug|Any CPU
		Release|Any CPU = Release|Any CPU
	EndGlobalSection
	GlobalSection(ProjectConfigurationPlatforms) = postSolution
		{A32A5BFA-EB04-4853-B90D-233AE643959E}.Debug|Any CPU.ActiveCfg = Debug|Any CPU
		{A32A5BFA-EB04-4853-B90D-233AE643959E}.Debug|Any CPU.Build.0 = Debug|Any CPU
		{A32A5BFA-EB04-4853-B90D-233AE643959E}.Release|Any CPU.ActiveCfg = Release|Any CPU
		{A32A5BFA-EB04-4853-B90D-233AE643959E}.Release|Any CPU.Build.0 = Release|Any CPU
	EndGlobalSection
	GlobalSection(SolutionProperties) = preSolution
		HideSolutionNode = FALSE
	EndGlobalSection
	GlobalSection(ExtensibilityGlobals) = postSolution
		SolutionGuid = {D64E7077-DE7A-4E4A-BDEB-FAA58ACD5EF3}
	EndGlobalSection
EndGlobal
